
Microsoft Visual Studio Solution File, Format Version 12.00
# Visual Studio Version 16
VisualStudioVersion = 16.0.31613.86
MinimumVisualStudioVersion = 10.0.40219.1
Project("{FAE04EC0-301F-11D3-BF4B-00C04F79EFBC}") = "WinEstructurasUniversidad", "WinEstructurasUniversidad\WinEstructurasUniversidad.csproj", "{351BB627-7F06-4959-96FB-6B4FB70C0E83}"
EndProject
Project("{FAE04EC0-301F-11D3-BF4B-00C04F79EFBC}") = "ClassUniversidad", "ClassUniversidad\ClassUniversidad.csproj", "{8C6E33EB-C89B-4B78-90EE-E5B5DA39F479}"
EndProject
Global
	GlobalSection(SolutionConfigurationPlatforms) = preSolution
		Debug|Any CPU = Debug|Any CPU
		Release|Any CPU = Release|Any CPU
	EndGlobalSection
	GlobalSection(ProjectConfigurationPlatforms) = postSolution
		{351BB627-7F06-4959-96FB-6B4FB70C0E83}.Debug|Any CPU.ActiveCfg = Debug|Any CPU
		{351BB627-7F06-4959-96FB-6B4FB70C0E83}.Debug|Any CPU.Build.0 = Debug|Any CPU
		{351BB627-7F06-4959-96FB-6B4FB70C0E83}.Release|Any CPU.ActiveCfg = Release|Any CPU
		{351BB627-7F06-4959-96FB-6B4FB70C0E83}.Release|Any CPU.Build.0 = Release|Any CPU
		{8C6E33EB-C89B-4B78-90EE-E5B5DA39F479}.Debug|Any CPU.ActiveCfg = Debug|Any CPU
		{8C6E33EB-C89B-4B78-90EE-E5B5DA39F479}.Debug|Any CPU.Build.0 = Debug|Any CPU
		{8C6E33EB-C89B-4B78-90EE-E5B5DA39F479}.Release|Any CPU.ActiveCfg = Release|Any CPU
		{8C6E33EB-C89B-4B78-90EE-E5B5DA39F479}.Release|Any CPU.Build.0 = Release|Any CPU
	EndGlobalSection
	GlobalSection(SolutionProperties) = preSolution
		HideSolutionNode = FALSE
	EndGlobalSection
	GlobalSection(ExtensibilityGlobals) = postSolution
		SolutionGuid = {0FEAE8FB-2B55-49C6-BF2D-94CF472A744E}
	EndGlobalSection
EndGlobal
